
Microsoft Visual Studio Solution File, Format Version 12.00
# Visual Studio Version 16
VisualStudioVersion = 16.0.30621.155
MinimumVisualStudioVersion = 10.0.40219.1
Project("{9A19103F-16F7-4668-BE54-9A1E7A4F7556}") = "HomeWorkNumber1", "HomeWorkNumber1\HomeWorkNumber1.csproj", "{9EE8C757-1EB9-49F1-998A-77BDC027305D}"
EndProject
Project("{9A19103F-16F7-4668-BE54-9A1E7A4F7556}") = "HomeWorkNumber2", "HomeWorkNumber2\HomeWorkNumber2.csproj", "{62412C17-7365-4746-9617-34131F32587D}"
EndProject
Project("{FAE04EC0-301F-11D3-BF4B-00C04F79EFBC}") = "MyHelper", "MyHelper\MyHelper.csproj", "{39421844-30E3-4E91-8E52-8D67DD04E716}"
EndProject
Project("{9A19103F-16F7-4668-BE54-9A1E7A4F7556}") = "HomeWorkNumber3", "HomeWorkNumber3\HomeWorkNumber3.csproj", "{2B877E83-F38F-43FC-BC24-C6C7CD7DCA07}"
EndProject
Project("{FAE04EC0-301F-11D3-BF4B-00C04F79EFBC}") = "HomeWorkNumber4", "HomeWorkNumber4\HomeWorkNumber4.csproj", "{5C47D74E-5697-4FB3-996E-5EAEBF51F6B6}"
EndProject
Project("{FAE04EC0-301F-11D3-BF4B-00C04F79EFBC}") = "HomeWorkNumber5", "HomeWorkNumber5\HomeWorkNumber5.csproj", "{0CAE324C-3EDC-4578-8A1E-0C2A7B1AE39C}"
EndProject
Project("{FAE04EC0-301F-11D3-BF4B-00C04F79EFBC}") = "HomeWorkNumber6", "HomeWorkNumber6\HomeWorkNumber6.csproj", "{787440B4-259B-4C61-BF32-A158DFC989B4}"
EndProject
Global
	GlobalSection(SolutionConfigurationPlatforms) = preSolution
		Debug|Any CPU = Debug|Any CPU
		Release|Any CPU = Release|Any CPU
	EndGlobalSection
	GlobalSection(ProjectConfigurationPlatforms) = postSolution
		{9EE8C757-1EB9-49F1-998A-77BDC027305D}.Debug|Any CPU.ActiveCfg = Debug|Any CPU
		{9EE8C757-1EB9-49F1-998A-77BDC027305D}.Debug|Any CPU.Build.0 = Debug|Any CPU
		{9EE8C757-1EB9-49F1-998A-77BDC027305D}.Release|Any CPU.ActiveCfg = Release|Any CPU
		{9EE8C757-1EB9-49F1-998A-77BDC027305D}.Release|Any CPU.Build.0 = Release|Any CPU
		{62412C17-7365-4746-9617-34131F32587D}.Debug|Any CPU.ActiveCfg = Debug|Any CPU
		{62412C17-7365-4746-9617-34131F32587D}.Debug|Any CPU.Build.0 = Debug|Any CPU
		{62412C17-7365-4746-9617-34131F32587D}.Release|Any CPU.ActiveCfg = Release|Any CPU
		{62412C17-7365-4746-9617-34131F32587D}.Release|Any CPU.Build.0 = Release|Any CPU
		{39421844-30E3-4E91-8E52-8D67DD04E716}.Debug|Any CPU.ActiveCfg = Debug|Any CPU
		{39421844-30E3-4E91-8E52-8D67DD04E716}.Debug|Any CPU.Build.0 = Debug|Any CPU
		{39421844-30E3-4E91-8E52-8D67DD04E716}.Release|Any CPU.ActiveCfg = Release|Any CPU
		{39421844-30E3-4E91-8E52-8D67DD04E716}.Release|Any CPU.Build.0 = Release|Any CPU
		{2B877E83-F38F-43FC-BC24-C6C7CD7DCA07}.Debug|Any CPU.ActiveCfg = Debug|Any CPU
		{2B877E83-F38F-43FC-BC24-C6C7CD7DCA07}.Debug|Any CPU.Build.0 = Debug|Any CPU
		{2B877E83-F38F-43FC-BC24-C6C7CD7DCA07}.Release|Any CPU.ActiveCfg = Release|Any CPU
		{2B877E83-F38F-43FC-BC24-C6C7CD7DCA07}.Release|Any CPU.Build.0 = Release|Any CPU
		{5C47D74E-5697-4FB3-996E-5EAEBF51F6B6}.Debug|Any CPU.ActiveCfg = Debug|Any CPU
		{5C47D74E-5697-4FB3-996E-5EAEBF51F6B6}.Debug|Any CPU.Build.0 = Debug|Any CPU
		{5C47D74E-5697-4FB3-996E-5EAEBF51F6B6}.Release|Any CPU.ActiveCfg = Release|Any CPU
		{5C47D74E-5697-4FB3-996E-5EAEBF51F6B6}.Release|Any CPU.Build.0 = Release|Any CPU
		{0CAE324C-3EDC-4578-8A1E-0C2A7B1AE39C}.Debug|Any CPU.ActiveCfg = Debug|Any CPU
		{0CAE324C-3EDC-4578-8A1E-0C2A7B1AE39C}.Debug|Any CPU.Build.0 = Debug|Any CPU
		{0CAE324C-3EDC-4578-8A1E-0C2A7B1AE39C}.Release|Any CPU.ActiveCfg = Release|Any CPU
		{0CAE324C-3EDC-4578-8A1E-0C2A7B1AE39C}.Release|Any CPU.Build.0 = Release|Any CPU
		{787440B4-259B-4C61-BF32-A158DFC989B4}.Debug|Any CPU.ActiveCfg = Debug|Any CPU
		{787440B4-259B-4C61-BF32-A158DFC989B4}.Debug|Any CPU.Build.0 = Debug|Any CPU
		{787440B4-259B-4C61-BF32-A158DFC989B4}.Release|Any CPU.ActiveCfg = Release|Any CPU
		{787440B4-259B-4C61-BF32-A158DFC989B4}.Release|Any CPU.Build.0 = Release|Any CPU
	EndGlobalSection
	GlobalSection(SolutionProperties) = preSolution
		HideSolutionNode = FALSE
	EndGlobalSection
	GlobalSection(ExtensibilityGlobals) = postSolution
		SolutionGuid = {68353974-E39F-4460-8057-7F0FFE013A5B}
	EndGlobalSection
EndGlobal
